
Microsoft Visual Studio Solution File, Format Version 12.00
# Visual Studio 15
Project("{FAE04EC0-301F-11D3-BF4B-00C04F79EFBC}") = "Assembly-CSharp-firstpass", "Assembly-CSharp-firstpass.csproj", "{E01C6569-31A8-654D-4343-0CCE14C8C238}"
EndProject
Project("{FAE04EC0-301F-11D3-BF4B-00C04F79EFBC}") = "Assembly-CSharp", "Assembly-CSharp.csproj", "{4E414707-460B-C177-134B-5656085C808C}"
EndProject
Project("{FAE04EC0-301F-11D3-BF4B-00C04F79EFBC}") = "Assembly-CSharp-Editor-firstpass", "Assembly-CSharp-Editor-firstpass.csproj", "{E32BDC9E-2268-B4E2-33CC-CB679B8FB2EE}"
EndProject
Global
	GlobalSection(SolutionConfigurationPlatforms) = preSolution
		Debug|Any CPU = Debug|Any CPU
		Release|Any CPU = Release|Any CPU
	EndGlobalSection
	GlobalSection(ProjectConfigurationPlatforms) = postSolution
		{E01C6569-31A8-654D-4343-0CCE14C8C238}.Debug|Any CPU.ActiveCfg = Debug|Any CPU
		{E01C6569-31A8-654D-4343-0CCE14C8C238}.Debug|Any CPU.Build.0 = Debug|Any CPU
		{E01C6569-31A8-654D-4343-0CCE14C8C238}.Release|Any CPU.ActiveCfg = Release|Any CPU
		{E01C6569-31A8-654D-4343-0CCE14C8C238}.Release|Any CPU.Build.0 = Release|Any CPU
		{4E414707-460B-C177-134B-5656085C808C}.Debug|Any CPU.ActiveCfg = Debug|Any CPU
		{4E414707-460B-C177-134B-5656085C808C}.Debug|Any CPU.Build.0 = Debug|Any CPU
		{4E414707-460B-C177-134B-5656085C808C}.Release|Any CPU.ActiveCfg = Release|Any CPU
		{4E414707-460B-C177-134B-5656085C808C}.Release|Any CPU.Build.0 = Release|Any CPU
		{E32BDC9E-2268-B4E2-33CC-CB679B8FB2EE}.Debug|Any CPU.ActiveCfg = Debug|Any CPU
		{E32BDC9E-2268-B4E2-33CC-CB679B8FB2EE}.Debug|Any CPU.Build.0 = Debug|Any CPU
		{E32BDC9E-2268-B4E2-33CC-CB679B8FB2EE}.Release|Any CPU.ActiveCfg = Release|Any CPU
		{E32BDC9E-2268-B4E2-33CC-CB679B8FB2EE}.Release|Any CPU.Build.0 = Release|Any CPU
	EndGlobalSection
	GlobalSection(SolutionProperties) = preSolution
		HideSolutionNode = FALSE
	EndGlobalSection
EndGlobal
